// !$*UTF8*$!
{
	archiveVersion = 1;
	classes = {
	};
	objectVersion = 48;
	objects = {

/* Begin PBXBuildFile section */
		205223372003652400FA1E07 /* Drawing.swift in Sources */ = {isa = PBXBuildFile; fileRef = 205223362003652400FA1E07 /* Drawing.swift */; };
		205A15B420035328008D06CF /* Canvas.swift in Sources */ = {isa = PBXBuildFile; fileRef = 205A15B320035328008D06CF /* Canvas.swift */; };
		205A60002007EFD900337902 /* Tool.swift in Sources */ = {isa = PBXBuildFile; fileRef = 205A5FFF2007EFD900337902 /* Tool.swift */; };
		205A60042007F87F00337902 /* DrawingCell.swift in Sources */ = {isa = PBXBuildFile; fileRef = 205A60032007F87F00337902 /* DrawingCell.swift */; };
		20B2055F2001FD2A0008CE87 /* AppDelegate.swift in Sources */ = {isa = PBXBuildFile; fileRef = 20B2055E2001FD2A0008CE87 /* AppDelegate.swift */; };
		20B205612001FD2A0008CE87 /* MasterViewController.swift in Sources */ = {isa = PBXBuildFile; fileRef = 20B205602001FD2A0008CE87 /* MasterViewController.swift */; };
		20B205632001FD2A0008CE87 /* DetailViewController.swift in Sources */ = {isa = PBXBuildFile; fileRef = 20B205622001FD2A0008CE87 /* DetailViewController.swift */; };
		20B205662001FD2A0008CE87 /* Main.storyboard in Resources */ = {isa = PBXBuildFile; fileRef = 20B205642001FD2A0008CE87 /* Main.storyboard */; };
		20B205682001FD2A0008CE87 /* Assets.xcassets in Resources */ = {isa = PBXBuildFile; fileRef = 20B205672001FD2A0008CE87 /* Assets.xcassets */; };
		20B2056B2001FD2A0008CE87 /* LaunchScreen.storyboard in Resources */ = {isa = PBXBuildFile; fileRef = 20B205692001FD2A0008CE87 /* LaunchScreen.storyboard */; };
		20B2057720022E870008CE87 /* Database.swift in Sources */ = {isa = PBXBuildFile; fileRef = 20B2057620022E870008CE87 /* Database.swift */; };
		20E8A71E20063F4A0062E6A1 /* ColorView.swift in Sources */ = {isa = PBXBuildFile; fileRef = 20E8A71D20063F4A0062E6A1 /* ColorView.swift */; };
		20E8A720200654080062E6A1 /* ToolSelector.swift in Sources */ = {isa = PBXBuildFile; fileRef = 20E8A71F200654080062E6A1 /* ToolSelector.swift */; };
		20E8A722200654150062E6A1 /* ToolSelector.xib in Resources */ = {isa = PBXBuildFile; fileRef = 20E8A721200654150062E6A1 /* ToolSelector.xib */; };
		20E8A724200660D80062E6A1 /* ToolView.swift in Sources */ = {isa = PBXBuildFile; fileRef = 20E8A723200660D80062E6A1 /* ToolView.swift */; };
		20E8A727200667670062E6A1 /* UIView+Constraints.swift in Sources */ = {isa = PBXBuildFile; fileRef = 20E8A726200667670062E6A1 /* UIView+Constraints.swift */; };
		4017F85146E781400E37DB78 /* Pods_Drawy.framework in Frameworks */ = {isa = PBXBuildFile; fileRef = 2ED6E731D256A4759568614B /* Pods_Drawy.framework */; };
/* End PBXBuildFile section */

/* Begin PBXFileReference section */
		190550B61C08FB4294E550A7 /* Pods-Drawy.release.xcconfig */ = {isa = PBXFileReference; includeInIndex = 1; lastKnownFileType = text.xcconfig; name = "Pods-Drawy.release.xcconfig"; path = "Pods/Target Support Files/Pods-Drawy/Pods-Drawy.release.xcconfig"; sourceTree = "<group>"; };
		205223362003652400FA1E07 /* Drawing.swift */ = {isa = PBXFileReference; lastKnownFileType = sourcecode.swift; path = Drawing.swift; sourceTree = "<group>"; };
		205A15B320035328008D06CF /* Canvas.swift */ = {isa = PBXFileReference; lastKnownFileType = sourcecode.swift; path = Canvas.swift; sourceTree = "<group>"; };
		205A5FFF2007EFD900337902 /* Tool.swift */ = {isa = PBXFileReference; lastKnownFileType = sourcecode.swift; path = Tool.swift; sourceTree = "<group>"; };
		205A60032007F87F00337902 /* DrawingCell.swift */ = {isa = PBXFileReference; lastKnownFileType = sourcecode.swift; path = DrawingCell.swift; sourceTree = "<group>"; };
		20B2055B2001FD2A0008CE87 /* Drawy.app */ = {isa = PBXFileReference; explicitFileType = wrapper.application; includeInIndex = 0; path = Drawy.app; sourceTree = BUILT_PRODUCTS_DIR; };
		20B2055E2001FD2A0008CE87 /* AppDelegate.swift */ = {isa = PBXFileReference; lastKnownFileType = sourcecode.swift; path = AppDelegate.swift; sourceTree = "<group>"; };
		20B205602001FD2A0008CE87 /* MasterViewController.swift */ = {isa = PBXFileReference; lastKnownFileType = sourcecode.swift; path = MasterViewController.swift; sourceTree = "<group>"; };
		20B205622001FD2A0008CE87 /* DetailViewController.swift */ = {isa = PBXFileReference; lastKnownFileType = sourcecode.swift; path = DetailViewController.swift; sourceTree = "<group>"; };
		20B205652001FD2A0008CE87 /* Base */ = {isa = PBXFileReference; lastKnownFileType = file.storyboard; name = Base; path = Base.lproj/Main.storyboard; sourceTree = "<group>"; };
		20B205672001FD2A0008CE87 /* Assets.xcassets */ = {isa = PBXFileReference; lastKnownFileType = folder.assetcatalog; path = Assets.xcassets; sourceTree = "<group>"; };
		20B2056A2001FD2A0008CE87 /* Base */ = {isa = PBXFileReference; lastKnownFileType = file.storyboard; name = Base; path = Base.lproj/LaunchScreen.storyboard; sourceTree = "<group>"; };
		20B2056C2001FD2A0008CE87 /* Info.plist */ = {isa = PBXFileReference; lastKnownFileType = text.plist.xml; path = Info.plist; sourceTree = "<group>"; };
		20B2057620022E870008CE87 /* Database.swift */ = {isa = PBXFileReference; lastKnownFileType = sourcecode.swift; path = Database.swift; sourceTree = "<group>"; };
		20E8A71D20063F4A0062E6A1 /* ColorView.swift */ = {isa = PBXFileReference; lastKnownFileType = sourcecode.swift; path = ColorView.swift; sourceTree = "<group>"; };
		20E8A71F200654080062E6A1 /* ToolSelector.swift */ = {isa = PBXFileReference; lastKnownFileType = sourcecode.swift; path = ToolSelector.swift; sourceTree = "<group>"; };
		20E8A721200654150062E6A1 /* ToolSelector.xib */ = {isa = PBXFileReference; lastKnownFileType = file.xib; path = ToolSelector.xib; sourceTree = "<group>"; };
		20E8A723200660D80062E6A1 /* ToolView.swift */ = {isa = PBXFileReference; lastKnownFileType = sourcecode.swift; path = ToolView.swift; sourceTree = "<group>"; };
		20E8A726200667670062E6A1 /* UIView+Constraints.swift */ = {isa = PBXFileReference; lastKnownFileType = sourcecode.swift; path = "UIView+Constraints.swift"; sourceTree = "<group>"; };
		2ED6E731D256A4759568614B /* Pods_Drawy.framework */ = {isa = PBXFileReference; explicitFileType = wrapper.framework; includeInIndex = 0; path = Pods_Drawy.framework; sourceTree = BUILT_PRODUCTS_DIR; };
		75E8AB7F4BF887FB53123565 /* Pods-Drawy.debug.xcconfig */ = {isa = PBXFileReference; includeInIndex = 1; lastKnownFileType = text.xcconfig; name = "Pods-Drawy.debug.xcconfig"; path = "Pods/Target Support Files/Pods-Drawy/Pods-Drawy.debug.xcconfig"; sourceTree = "<group>"; };
/* End PBXFileReference section */

/* Begin PBXFrameworksBuildPhase section */
		20B205582001FD2A0008CE87 /* Frameworks */ = {
			isa = PBXFrameworksBuildPhase;
			buildActionMask = 2147483647;
			files = (
				4017F85146E781400E37DB78 /* Pods_Drawy.framework in Frameworks */,
			);
			runOnlyForDeploymentPostprocessing = 0;
		};
/* End PBXFrameworksBuildPhase section */

/* Begin PBXGroup section */
		20522335200363B100FA1E07 /* Canvas */ = {
			isa = PBXGroup;
			children = (
				205A15B320035328008D06CF /* Canvas.swift */,
			);
			path = Canvas;
			sourceTree = "<group>";
		};
		205A15B2200352F4008D06CF /* Views */ = {
			isa = PBXGroup;
			children = (
				205A60022007F85900337902 /* DrawingCell */,
				20E8A71C20063F2E0062E6A1 /* ColorView */,
				20E8A71B20063DD70062E6A1 /* ToolSelector */,
				20522335200363B100FA1E07 /* Canvas */,
			);
			path = Views;
			sourceTree = "<group>";
		};
		205A60022007F85900337902 /* DrawingCell */ = {
			isa = PBXGroup;
			children = (
				205A60032007F87F00337902 /* DrawingCell.swift */,
			);
			path = DrawingCell;
			sourceTree = "<group>";
		};
		20B205522001FD2A0008CE87 = {
			isa = PBXGroup;
			children = (
				20B2055D2001FD2A0008CE87 /* Drawy */,
				20B2055C2001FD2A0008CE87 /* Products */,
				863BA2AC481A90FA64D680DF /* Pods */,
				AF338A8A762F36EE9139DD25 /* Frameworks */,
			);
			sourceTree = "<group>";
		};
		20B2055C2001FD2A0008CE87 /* Products */ = {
			isa = PBXGroup;
			children = (
				20B2055B2001FD2A0008CE87 /* Drawy.app */,
			);
			name = Products;
			sourceTree = "<group>";
		};
		20B2055D2001FD2A0008CE87 /* Drawy */ = {
			isa = PBXGroup;
			children = (
				20E8A725200667390062E6A1 /* Extensions */,
				205A15B2200352F4008D06CF /* Views */,
				20B2057520022D450008CE87 /* Stores */,
				20B205722001FED70008CE87 /* Models */,
				20B2055E2001FD2A0008CE87 /* AppDelegate.swift */,
				20B205602001FD2A0008CE87 /* MasterViewController.swift */,
				20B205622001FD2A0008CE87 /* DetailViewController.swift */,
				20B205642001FD2A0008CE87 /* Main.storyboard */,
				20B205672001FD2A0008CE87 /* Assets.xcassets */,
				20B205692001FD2A0008CE87 /* LaunchScreen.storyboard */,
				20B2056C2001FD2A0008CE87 /* Info.plist */,
			);
			path = Drawy;
			sourceTree = "<group>";
		};
		20B205722001FED70008CE87 /* Models */ = {
			isa = PBXGroup;
			children = (
				205223362003652400FA1E07 /* Drawing.swift */,
				205A5FFF2007EFD900337902 /* Tool.swift */,
			);
			path = Models;
			sourceTree = "<group>";
		};
		20B2057520022D450008CE87 /* Stores */ = {
			isa = PBXGroup;
			children = (
				20B2057620022E870008CE87 /* Database.swift */,
			);
			path = Stores;
			sourceTree = "<group>";
		};
		20E8A71B20063DD70062E6A1 /* ToolSelector */ = {
			isa = PBXGroup;
			children = (
				20E8A71F200654080062E6A1 /* ToolSelector.swift */,
				20E8A721200654150062E6A1 /* ToolSelector.xib */,
			);
			path = ToolSelector;
			sourceTree = "<group>";
		};
		20E8A71C20063F2E0062E6A1 /* ColorView */ = {
			isa = PBXGroup;
			children = (
				20E8A71D20063F4A0062E6A1 /* ColorView.swift */,
				20E8A723200660D80062E6A1 /* ToolView.swift */,
			);
			path = ColorView;
			sourceTree = "<group>";
		};
		20E8A725200667390062E6A1 /* Extensions */ = {
			isa = PBXGroup;
			children = (
				20E8A726200667670062E6A1 /* UIView+Constraints.swift */,
			);
			path = Extensions;
			sourceTree = "<group>";
		};
		863BA2AC481A90FA64D680DF /* Pods */ = {
			isa = PBXGroup;
			children = (
				75E8AB7F4BF887FB53123565 /* Pods-Drawy.debug.xcconfig */,
				190550B61C08FB4294E550A7 /* Pods-Drawy.release.xcconfig */,
			);
			name = Pods;
			sourceTree = "<group>";
		};
		AF338A8A762F36EE9139DD25 /* Frameworks */ = {
			isa = PBXGroup;
			children = (
				2ED6E731D256A4759568614B /* Pods_Drawy.framework */,
			);
			name = Frameworks;
			sourceTree = "<group>";
		};
/* End PBXGroup section */

/* Begin PBXNativeTarget section */
		20B2055A2001FD2A0008CE87 /* Drawy */ = {
			isa = PBXNativeTarget;
			buildConfigurationList = 20B2056F2001FD2A0008CE87 /* Build configuration list for PBXNativeTarget "Drawy" */;
			buildPhases = (
				33DC0DA6F89AB7380A7B855B /* [CP] Check Pods Manifest.lock */,
				20B205572001FD2A0008CE87 /* Sources */,
				20B205582001FD2A0008CE87 /* Frameworks */,
				20B205592001FD2A0008CE87 /* Resources */,
				BD160F31E337C21B6455B2B1 /* [CP] Embed Pods Frameworks */,
				5F7FACE5491096944F6A96CC /* [CP] Copy Pods Resources */,
			);
			buildRules = (
			);
			dependencies = (
			);
			name = Drawy;
			productName = Drawy;
			productReference = 20B2055B2001FD2A0008CE87 /* Drawy.app */;
			productType = "com.apple.product-type.application";
		};
/* End PBXNativeTarget section */

/* Begin PBXProject section */
		20B205532001FD2A0008CE87 /* Project object */ = {
			isa = PBXProject;
			attributes = {
				LastSwiftUpdateCheck = 0920;
				LastUpgradeCheck = 0920;
				ORGANIZATIONNAME = GO;
				TargetAttributes = {
					20B2055A2001FD2A0008CE87 = {
						CreatedOnToolsVersion = 9.2;
						ProvisioningStyle = Automatic;
					};
				};
			};
			buildConfigurationList = 20B205562001FD2A0008CE87 /* Build configuration list for PBXProject "Drawy" */;
			compatibilityVersion = "Xcode 8.0";
			developmentRegion = en;
			hasScannedForEncodings = 0;
			knownRegions = (
				en,
				Base,
			);
			mainGroup = 20B205522001FD2A0008CE87;
			productRefGroup = 20B2055C2001FD2A0008CE87 /* Products */;
			projectDirPath = "";
			projectRoot = "";
			targets = (
				20B2055A2001FD2A0008CE87 /* Drawy */,
			);
		};
/* End PBXProject section */

/* Begin PBXResourcesBuildPhase section */
		20B205592001FD2A0008CE87 /* Resources */ = {
			isa = PBXResourcesBuildPhase;
			buildActionMask = 2147483647;
			files = (
				20E8A722200654150062E6A1 /* ToolSelector.xib in Resources */,
				20B2056B2001FD2A0008CE87 /* LaunchScreen.storyboard in Resources */,
				20B205682001FD2A0008CE87 /* Assets.xcassets in Resources */,
				20B205662001FD2A0008CE87 /* Main.storyboard in Resources */,
			);
			runOnlyForDeploymentPostprocessing = 0;
		};
/* End PBXResourcesBuildPhase section */

/* Begin PBXShellScriptBuildPhase section */
		33DC0DA6F89AB7380A7B855B /* [CP] Check Pods Manifest.lock */ = {
			isa = PBXShellScriptBuildPhase;
			buildActionMask = 2147483647;
			files = (
			);
			inputPaths = (
				"${PODS_PODFILE_DIR_PATH}/Podfile.lock",
				"${PODS_ROOT}/Manifest.lock",
			);
			name = "[CP] Check Pods Manifest.lock";
			outputPaths = (
				"$(DERIVED_FILE_DIR)/Pods-Drawy-checkManifestLockResult.txt",
			);
			runOnlyForDeploymentPostprocessing = 0;
			shellPath = /bin/sh;
			shellScript = "diff \"${PODS_PODFILE_DIR_PATH}/Podfile.lock\" \"${PODS_ROOT}/Manifest.lock\" > /dev/null\nif [ $? != 0 ] ; then\n    # print error to STDERR\n    echo \"error: The sandbox is not in sync with the Podfile.lock. Run 'pod install' or update your CocoaPods installation.\" >&2\n    exit 1\nfi\n# This output is used by Xcode 'outputs' to avoid re-running this script phase.\necho \"SUCCESS\" > \"${SCRIPT_OUTPUT_FILE_0}\"\n";
			showEnvVarsInLog = 0;
		};
		5F7FACE5491096944F6A96CC /* [CP] Copy Pods Resources */ = {
			isa = PBXShellScriptBuildPhase;
			buildActionMask = 2147483647;
			files = (
			);
			inputPaths = (
			);
			name = "[CP] Copy Pods Resources";
			outputPaths = (
			);
			runOnlyForDeploymentPostprocessing = 0;
			shellPath = /bin/sh;
			shellScript = "\"${SRCROOT}/Pods/Target Support Files/Pods-Drawy/Pods-Drawy-resources.sh\"\n";
			showEnvVarsInLog = 0;
		};
		BD160F31E337C21B6455B2B1 /* [CP] Embed Pods Frameworks */ = {
			isa = PBXShellScriptBuildPhase;
			buildActionMask = 2147483647;
			files = (
			);
			inputPaths = (
				"${SRCROOT}/Pods/Target Support Files/Pods-Drawy/Pods-Drawy-frameworks.sh",
				"${BUILT_PRODUCTS_DIR}/Realm/Realm.framework",
				"${BUILT_PRODUCTS_DIR}/RealmSwift/RealmSwift.framework",
			);
			name = "[CP] Embed Pods Frameworks";
			outputPaths = (
				"${TARGET_BUILD_DIR}/${FRAMEWORKS_FOLDER_PATH}/Realm.framework",
				"${TARGET_BUILD_DIR}/${FRAMEWORKS_FOLDER_PATH}/RealmSwift.framework",
			);
			runOnlyForDeploymentPostprocessing = 0;
			shellPath = /bin/sh;
			shellScript = "\"${SRCROOT}/Pods/Target Support Files/Pods-Drawy/Pods-Drawy-frameworks.sh\"\n";
			showEnvVarsInLog = 0;
		};
/* End PBXShellScriptBuildPhase section */

/* Begin PBXSourcesBuildPhase section */
		20B205572001FD2A0008CE87 /* Sources */ = {
			isa = PBXSourcesBuildPhase;
			buildActionMask = 2147483647;
			files = (
				205223372003652400FA1E07 /* Drawing.swift in Sources */,
				20E8A724200660D80062E6A1 /* ToolView.swift in Sources */,
				205A15B420035328008D06CF /* Canvas.swift in Sources */,
				205A60002007EFD900337902 /* Tool.swift in Sources */,
				205A60042007F87F00337902 /* DrawingCell.swift in Sources */,
				20E8A71E20063F4A0062E6A1 /* ColorView.swift in Sources */,
				20B205632001FD2A0008CE87 /* DetailViewController.swift in Sources */,
				20E8A720200654080062E6A1 /* ToolSelector.swift in Sources */,
				20B205612001FD2A0008CE87 /* MasterViewController.swift in Sources */,
				20E8A727200667670062E6A1 /* UIView+Constraints.swift in Sources */,
				20B2057720022E870008CE87 /* Database.swift in Sources */,
				20B2055F2001FD2A0008CE87 /* AppDelegate.swift in Sources */,
			);
			runOnlyForDeploymentPostprocessing = 0;
		};
/* End PBXSourcesBuildPhase section */

/* Begin PBXVariantGroup section */
		20B205642001FD2A0008CE87 /* Main.storyboard */ = {
			isa = PBXVariantGroup;
			children = (
				20B205652001FD2A0008CE87 /* Base */,
			);
			name = Main.storyboard;
			sourceTree = "<group>";
		};
		20B205692001FD2A0008CE87 /* LaunchScreen.storyboard */ = {
			isa = PBXVariantGroup;
			children = (
				20B2056A2001FD2A0008CE87 /* Base */,
			);
			name = LaunchScreen.storyboard;
			sourceTree = "<group>";
		};
/* End PBXVariantGroup section */

/* Begin XCBuildConfiguration section */
		20B2056D2001FD2A0008CE87 /* Debug */ = {
			isa = XCBuildConfiguration;
			buildSettings = {
				ALWAYS_SEARCH_USER_PATHS = NO;
				CLANG_ANALYZER_NONNULL = YES;
				CLANG_ANALYZER_NUMBER_OBJECT_CONVERSION = YES_AGGRESSIVE;
				CLANG_CXX_LANGUAGE_STANDARD = "gnu++14";
				CLANG_CXX_LIBRARY = "libc++";
				CLANG_ENABLE_MODULES = YES;
				CLANG_ENABLE_OBJC_ARC = YES;
				CLANG_WARN_BLOCK_CAPTURE_AUTORELEASING = YES;
				CLANG_WARN_BOOL_CONVERSION = YES;
				CLANG_WARN_COMMA = YES;
				CLANG_WARN_CONSTANT_CONVERSION = YES;
				CLANG_WARN_DIRECT_OBJC_ISA_USAGE = YES_ERROR;
				CLANG_WARN_DOCUMENTATION_COMMENTS = YES;
				CLANG_WARN_EMPTY_BODY = YES;
				CLANG_WARN_ENUM_CONVERSION = YES;
				CLANG_WARN_INFINITE_RECURSION = YES;
				CLANG_WARN_INT_CONVERSION = YES;
				CLANG_WARN_NON_LITERAL_NULL_CONVERSION = YES;
				CLANG_WARN_OBJC_LITERAL_CONVERSION = YES;
				CLANG_WARN_OBJC_ROOT_CLASS = YES_ERROR;
				CLANG_WARN_RANGE_LOOP_ANALYSIS = YES;
				CLANG_WARN_STRICT_PROTOTYPES = YES;
				CLANG_WARN_SUSPICIOUS_MOVE = YES;
				CLANG_WARN_UNGUARDED_AVAILABILITY = YES_AGGRESSIVE;
				CLANG_WARN_UNREACHABLE_CODE = YES;
				CLANG_WARN__DUPLICATE_METHOD_MATCH = YES;
				CODE_SIGN_IDENTITY = "iPhone Developer";
				COPY_PHASE_STRIP = NO;
				DEBUG_INFORMATION_FORMAT = dwarf;
				ENABLE_STRICT_OBJC_MSGSEND = YES;
				ENABLE_TESTABILITY = YES;
				GCC_C_LANGUAGE_STANDARD = gnu11;
				GCC_DYNAMIC_NO_PIC = NO;
				GCC_NO_COMMON_BLOCKS = YES;
				GCC_OPTIMIZATION_LEVEL = 0;
				GCC_PREPROCESSOR_DEFINITIONS = (
					"DEBUG=1",
					"$(inherited)",
				);
				GCC_WARN_64_TO_32_BIT_CONVERSION = YES;
				GCC_WARN_ABOUT_RETURN_TYPE = YES_ERROR;
				GCC_WARN_UNDECLARED_SELECTOR = YES;
				GCC_WARN_UNINITIALIZED_AUTOS = YES_AGGRESSIVE;
				GCC_WARN_UNUSED_FUNCTION = YES;
				GCC_WARN_UNUSED_VARIABLE = YES;
				IPHONEOS_DEPLOYMENT_TARGET = 11.2;
				MTL_ENABLE_DEBUG_INFO = YES;
				ONLY_ACTIVE_ARCH = YES;
				SDKROOT = iphoneos;
				SWIFT_ACTIVE_COMPILATION_CONDITIONS = DEBUG;
				SWIFT_OPTIMIZATION_LEVEL = "-Onone";
			};
			name = Debug;
		};
		20B2056E2001FD2A0008CE87 /* Release */ = {
			isa = XCBuildConfiguration;
			buildSettings = {
				ALWAYS_SEARCH_USER_PATHS = NO;
				CLANG_ANALYZER_NONNULL = YES;
				CLANG_ANALYZER_NUMBER_OBJECT_CONVERSION = YES_AGGRESSIVE;
				CLANG_CXX_LANGUAGE_STANDARD = "gnu++14";
				CLANG_CXX_LIBRARY = "libc++";
				CLANG_ENABLE_MODULES = YES;
				CLANG_ENABLE_OBJC_ARC = YES;
				CLANG_WARN_BLOCK_CAPTURE_AUTORELEASING = YES;
				CLANG_WARN_BOOL_CONVERSION = YES;
				CLANG_WARN_COMMA = YES;
				CLANG_WARN_CONSTANT_CONVERSION = YES;
				CLANG_WARN_DIRECT_OBJC_ISA_USAGE = YES_ERROR;
				CLANG_WARN_DOCUMENTATION_COMMENTS = YES;
				CLANG_WARN_EMPTY_BODY = YES;
				CLANG_WARN_ENUM_CONVERSION = YES;
				CLANG_WARN_INFINITE_RECURSION = YES;
				CLANG_WARN_INT_CONVERSION = YES;
				CLANG_WARN_NON_LITERAL_NULL_CONVERSION = YES;
				CLANG_WARN_OBJC_LITERAL_CONVERSION = YES;
				CLANG_WARN_OBJC_ROOT_CLASS = YES_ERROR;
				CLANG_WARN_RANGE_LOOP_ANALYSIS = YES;
				CLANG_WARN_STRICT_PROTOTYPES = YES;
				CLANG_WARN_SUSPICIOUS_MOVE = YES;
				CLANG_WARN_UNGUARDED_AVAILABILITY = YES_AGGRESSIVE;
				CLANG_WARN_UNREACHABLE_CODE = YES;
				CLANG_WARN__DUPLICATE_METHOD_MATCH = YES;
				CODE_SIGN_IDENTITY = "iPhone Developer";
				COPY_PHASE_STRIP = NO;
				DEBUG_INFORMATION_FORMAT = "dwarf-with-dsym";
				ENABLE_NS_ASSERTIONS = NO;
				ENABLE_STRICT_OBJC_MSGSEND = YES;
				GCC_C_LANGUAGE_STANDARD = gnu11;
				GCC_NO_COMMON_BLOCKS = YES;
				GCC_WARN_64_TO_32_BIT_CONVERSION = YES;
				GCC_WARN_ABOUT_RETURN_TYPE = YES_ERROR;
				GCC_WARN_UNDECLARED_SELECTOR = YES;
				GCC_WARN_UNINITIALIZED_AUTOS = YES_AGGRESSIVE;
				GCC_WARN_UNUSED_FUNCTION = YES;
				GCC_WARN_UNUSED_VARIABLE = YES;
				IPHONEOS_DEPLOYMENT_TARGET = 11.2;
				MTL_ENABLE_DEBUG_INFO = NO;
				SDKROOT = iphoneos;
				SWIFT_OPTIMIZATION_LEVEL = "-Owholemodule";
				VALIDATE_PRODUCT = YES;
			};
			name = Release;
		};
		20B205702001FD2A0008CE87 /* Debug */ = {
			isa = XCBuildConfiguration;
			baseConfigurationReference = 75E8AB7F4BF887FB53123565 /* Pods-Drawy.debug.xcconfig */;
			buildSettings = {
				ASSETCATALOG_COMPILER_APPICON_NAME = AppIcon;
				CODE_SIGN_STYLE = Automatic;
				DEVELOPMENT_TEAM = 996XA67RU5;
				INFOPLIST_FILE = Drawy/Info.plist;
				LD_RUNPATH_SEARCH_PATHS = "$(inherited) @executable_path/Frameworks";
				PRODUCT_BUNDLE_IDENTIFIER = com.goswifty.Drawy;
				PRODUCT_NAME = "$(TARGET_NAME)";
				SWIFT_VERSION = 4.0;
				TARGETED_DEVICE_FAMILY = "1,2";
			};
			name = Debug;
		};
		20B205712001FD2A0008CE87 /* Release */ = {
			isa = XCBuildConfiguration;
			baseConfigurationReference = 190550B61C08FB4294E550A7 /* Pods-Drawy.release.xcconfig */;
			buildSettings = {
				ASSETCATALOG_COMPILER_APPICON_NAME = AppIcon;
				CODE_SIGN_STYLE = Automatic;
				DEVELOPMENT_TEAM = 996XA67RU5;
				INFOPLIST_FILE = Drawy/Info.plist;
				LD_RUNPATH_SEARCH_PATHS = "$(inherited) @executable_path/Frameworks";
				PRODUCT_BUNDLE_IDENTIFIER = com.goswifty.Drawy;
				PRODUCT_NAME = "$(TARGET_NAME)";
				SWIFT_VERSION = 4.0;
				TARGETED_DEVICE_FAMILY = "1,2";
			};
			name = Release;
		};
/* End XCBuildConfiguration section */

/* Begin XCConfigurationList section */
		20B205562001FD2A0008CE87 /* Build configuration list for PBXProject "Drawy" */ = {
			isa = XCConfigurationList;
			buildConfigurations = (
				20B2056D2001FD2A0008CE87 /* Debug */,
				20B2056E2001FD2A0008CE87 /* Release */,
			);
			defaultConfigurationIsVisible = 0;
			defaultConfigurationName = Release;
		};
		20B2056F2001FD2A0008CE87 /* Build configuration list for PBXNativeTarget "Drawy" */ = {
			isa = XCConfigurationList;
			buildConfigurations = (
				20B205702001FD2A0008CE87 /* Debug */,
				20B205712001FD2A0008CE87 /* Release */,
			);
			defaultConfigurationIsVisible = 0;
			defaultConfigurationName = Release;
		};
/* End XCConfigurationList section */
	};
	rootObject = 20B205532001FD2A0008CE87 /* Project object */;
}
